
Microsoft Visual Studio Solution File, Format Version 12.00
# Visual Studio 15
VisualStudioVersion = 15.0.28307.1401
MinimumVisualStudioVersion = 10.0.40219.1
Project("{2150E333-8FDC-42A3-9474-1A3956D46DE8}") = "Solution Items", "Solution Items", "{8597B366-644C-414E-8D60-A4DCEBCB161B}"
	ProjectSection(SolutionItems) = preProject
		.gitignore = .gitignore
	EndProjectSection
EndProject
Project("{FAE04EC0-301F-11D3-BF4B-00C04F79EFBC}") = "StoreFrontV3.UI.MVC", "StoreFrontV3.UI.MVC\StoreFrontV3.UI.MVC.csproj", "{1B03EF86-24F6-450B-B22E-0CE1F710639E}"
EndProject
Project("{FAE04EC0-301F-11D3-BF4B-00C04F79EFBC}") = "StoreFrontV3.DATA.EF", "StoreFrontV3.DATA.EF\StoreFrontV3.DATA.EF.csproj", "{4D8FF8BE-77B2-4F23-9E86-4567BEF99C68}"
EndProject
Global
	GlobalSection(SolutionConfigurationPlatforms) = preSolution
		Debug|Any CPU = Debug|Any CPU
		Release|Any CPU = Release|Any CPU
	EndGlobalSection
	GlobalSection(ProjectConfigurationPlatforms) = postSolution
		{1B03EF86-24F6-450B-B22E-0CE1F710639E}.Debug|Any CPU.ActiveCfg = Debug|Any CPU
		{1B03EF86-24F6-450B-B22E-0CE1F710639E}.Debug|Any CPU.Build.0 = Debug|Any CPU
		{1B03EF86-24F6-450B-B22E-0CE1F710639E}.Release|Any CPU.ActiveCfg = Release|Any CPU
		{1B03EF86-24F6-450B-B22E-0CE1F710639E}.Release|Any CPU.Build.0 = Release|Any CPU
		{4D8FF8BE-77B2-4F23-9E86-4567BEF99C68}.Debug|Any CPU.ActiveCfg = Debug|Any CPU
		{4D8FF8BE-77B2-4F23-9E86-4567BEF99C68}.Debug|Any CPU.Build.0 = Debug|Any CPU
		{4D8FF8BE-77B2-4F23-9E86-4567BEF99C68}.Release|Any CPU.ActiveCfg = Release|Any CPU
		{4D8FF8BE-77B2-4F23-9E86-4567BEF99C68}.Release|Any CPU.Build.0 = Release|Any CPU
	EndGlobalSection
	GlobalSection(SolutionProperties) = preSolution
		HideSolutionNode = FALSE
	EndGlobalSection
	GlobalSection(ExtensibilityGlobals) = postSolution
		SolutionGuid = {936F0A0A-0F19-43E3-A512-96207CAFA19E}
	EndGlobalSection
EndGlobal
